
Microsoft Visual Studio Solution File, Format Version 12.00
# Visual Studio Version 17
VisualStudioVersion = 17.7.34221.43
MinimumVisualStudioVersion = 10.0.40219.1
Project("{FAE04EC0-301F-11D3-BF4B-00C04F79EFBC}") = "AdventOfCode23", "AdventOfCode23\AdventOfCode23.csproj", "{2116281D-732C-4796-8537-CAAE9BFD8CB3}"
EndProject
Global
	GlobalSection(SolutionConfigurationPlatforms) = preSolution
		Debug|Any CPU = Debug|Any CPU
		Release|Any CPU = Release|Any CPU
	EndGlobalSection
	GlobalSection(ProjectConfigurationPlatforms) = postSolution
		{2116281D-732C-4796-8537-CAAE9BFD8CB3}.Debug|Any CPU.ActiveCfg = Debug|Any CPU
		{2116281D-732C-4796-8537-CAAE9BFD8CB3}.Debug|Any CPU.Build.0 = Debug|Any CPU
		{2116281D-732C-4796-8537-CAAE9BFD8CB3}.Release|Any CPU.ActiveCfg = Release|Any CPU
		{2116281D-732C-4796-8537-CAAE9BFD8CB3}.Release|Any CPU.Build.0 = Release|Any CPU
	EndGlobalSection
	GlobalSection(SolutionProperties) = preSolution
		HideSolutionNode = FALSE
	EndGlobalSection
	GlobalSection(ExtensibilityGlobals) = postSolution
		SolutionGuid = {4443E5A4-FC61-444B-A011-2A5171EF566E}
	EndGlobalSection
EndGlobal
